
Microsoft Visual Studio Solution File, Format Version 12.00
# Visual Studio Version 17
VisualStudioVersion = 17.0.31903.59
MinimumVisualStudioVersion = 10.0.40219.1
Project("{FAE04EC0-301F-11D3-BF4B-00C04F79EFBC}") = "Symformance", "Symformance\Symformance.csproj", "{EC48C08E-03BC-426C-B1CD-E445A9DC6DBD}"
EndProject
Project("{FAE04EC0-301F-11D3-BF4B-00C04F79EFBC}") = "Symformance.CLI", "Symformance.CLI\Symformance.CLI.csproj", "{A8155699-6978-44EE-BDE3-BA682054C3C9}"
EndProject
Global
	GlobalSection(SolutionConfigurationPlatforms) = preSolution
		Debug|Any CPU = Debug|Any CPU
		Release|Any CPU = Release|Any CPU
	EndGlobalSection
	GlobalSection(SolutionProperties) = preSolution
		HideSolutionNode = FALSE
	EndGlobalSection
	GlobalSection(ProjectConfigurationPlatforms) = postSolution
		{EC48C08E-03BC-426C-B1CD-E445A9DC6DBD}.Debug|Any CPU.ActiveCfg = Debug|Any CPU
		{EC48C08E-03BC-426C-B1CD-E445A9DC6DBD}.Debug|Any CPU.Build.0 = Debug|Any CPU
		{EC48C08E-03BC-426C-B1CD-E445A9DC6DBD}.Release|Any CPU.ActiveCfg = Release|Any CPU
		{EC48C08E-03BC-426C-B1CD-E445A9DC6DBD}.Release|Any CPU.Build.0 = Release|Any CPU
		{A8155699-6978-44EE-BDE3-BA682054C3C9}.Debug|Any CPU.ActiveCfg = Debug|Any CPU
		{A8155699-6978-44EE-BDE3-BA682054C3C9}.Debug|Any CPU.Build.0 = Debug|Any CPU
		{A8155699-6978-44EE-BDE3-BA682054C3C9}.Release|Any CPU.ActiveCfg = Release|Any CPU
		{A8155699-6978-44EE-BDE3-BA682054C3C9}.Release|Any CPU.Build.0 = Release|Any CPU
	EndGlobalSection
EndGlobal
